
Microsoft Visual Studio Solution File, Format Version 12.00
# Visual Studio Version 17
VisualStudioVersion = 17.10.35027.167
MinimumVisualStudioVersion = 10.0.40219.1
Project("{9A19103F-16F7-4668-BE54-9A1E7A4F7556}") = "less_oop", "less_oop.csproj", "{983635AD-911A-4FA1-83B7-91966FE8A0DE}"
EndProject
Project("{2150E333-8FDC-42A3-9474-1A3956D46DE8}") = "Solution Items", "Solution Items", "{BD35E3FD-058B-4993-816C-FCECED1712A0}"
	ProjectSection(SolutionItems) = preProject
		Time.cs = Time.cs
	EndProjectSection
EndProject
Global
	GlobalSection(SolutionConfigurationPlatforms) = preSolution
		Debug|Any CPU = Debug|Any CPU
		Release|Any CPU = Release|Any CPU
	EndGlobalSection
	GlobalSection(ProjectConfigurationPlatforms) = postSolution
		{983635AD-911A-4FA1-83B7-91966FE8A0DE}.Debug|Any CPU.ActiveCfg = Debug|Any CPU
		{983635AD-911A-4FA1-83B7-91966FE8A0DE}.Debug|Any CPU.Build.0 = Debug|Any CPU
		{983635AD-911A-4FA1-83B7-91966FE8A0DE}.Release|Any CPU.ActiveCfg = Release|Any CPU
		{983635AD-911A-4FA1-83B7-91966FE8A0DE}.Release|Any CPU.Build.0 = Release|Any CPU
	EndGlobalSection
	GlobalSection(SolutionProperties) = preSolution
		HideSolutionNode = FALSE
	EndGlobalSection
	GlobalSection(ExtensibilityGlobals) = postSolution
		SolutionGuid = {599530BB-1AC1-4A09-83B0-662875E190B5}
	EndGlobalSection
EndGlobal
